
Microsoft Visual Studio Solution File, Format Version 12.00
# Visual Studio Version 17
VisualStudioVersion = 17.9.34728.123
MinimumVisualStudioVersion = 10.0.40219.1
Project("{FAE04EC0-301F-11D3-BF4B-00C04F79EFBC}") = "Lab11", "Lab11\Lab11.csproj", "{4FA31F69-E985-46B6-9B5B-DF6D3564C702}"
EndProject
Global
	GlobalSection(SolutionConfigurationPlatforms) = preSolution
		Debug|Any CPU = Debug|Any CPU
		Release|Any CPU = Release|Any CPU
	EndGlobalSection
	GlobalSection(ProjectConfigurationPlatforms) = postSolution
		{4FA31F69-E985-46B6-9B5B-DF6D3564C702}.Debug|Any CPU.ActiveCfg = Debug|Any CPU
		{4FA31F69-E985-46B6-9B5B-DF6D3564C702}.Debug|Any CPU.Build.0 = Debug|Any CPU
		{4FA31F69-E985-46B6-9B5B-DF6D3564C702}.Release|Any CPU.ActiveCfg = Release|Any CPU
		{4FA31F69-E985-46B6-9B5B-DF6D3564C702}.Release|Any CPU.Build.0 = Release|Any CPU
	EndGlobalSection
	GlobalSection(SolutionProperties) = preSolution
		HideSolutionNode = FALSE
	EndGlobalSection
	GlobalSection(ExtensibilityGlobals) = postSolution
		SolutionGuid = {E579FBD7-0869-4387-A595-BD1452BA366C}
	EndGlobalSection
EndGlobal
